
Microsoft Visual Studio Solution File, Format Version 12.00
# Visual Studio Version 17
VisualStudioVersion = 17.0.32002.185
MinimumVisualStudioVersion = 10.0.40219.1
Project("{FAE04EC0-301F-11D3-BF4B-00C04F79EFBC}") = "Sample302", "Sample302\Sample302.csproj", "{4070349C-C5FE-453B-AA35-17551A013F4C}"
EndProject
Global
	GlobalSection(SolutionConfigurationPlatforms) = preSolution
		Debug|Any CPU = Debug|Any CPU
		Release|Any CPU = Release|Any CPU
	EndGlobalSection
	GlobalSection(ProjectConfigurationPlatforms) = postSolution
		{4070349C-C5FE-453B-AA35-17551A013F4C}.Debug|Any CPU.ActiveCfg = Debug|Any CPU
		{4070349C-C5FE-453B-AA35-17551A013F4C}.Debug|Any CPU.Build.0 = Debug|Any CPU
		{4070349C-C5FE-453B-AA35-17551A013F4C}.Release|Any CPU.ActiveCfg = Release|Any CPU
		{4070349C-C5FE-453B-AA35-17551A013F4C}.Release|Any CPU.Build.0 = Release|Any CPU
	EndGlobalSection
	GlobalSection(SolutionProperties) = preSolution
		HideSolutionNode = FALSE
	EndGlobalSection
	GlobalSection(ExtensibilityGlobals) = postSolution
		SolutionGuid = {970FF0CE-7582-4D7D-8811-D612C18497E7}
	EndGlobalSection
EndGlobal
