
Microsoft Visual Studio Solution File, Format Version 12.00
# Visual Studio Version 17
VisualStudioVersion = 17.0.32002.185
MinimumVisualStudioVersion = 10.0.40219.1
Project("{FAE04EC0-301F-11D3-BF4B-00C04F79EFBC}") = "Sample101", "Sample101\Sample101.csproj", "{5AAE3ABD-EA58-4D88-BA89-AF388B300518}"
EndProject
Global
	GlobalSection(SolutionConfigurationPlatforms) = preSolution
		Debug|Any CPU = Debug|Any CPU
		Release|Any CPU = Release|Any CPU
	EndGlobalSection
	GlobalSection(ProjectConfigurationPlatforms) = postSolution
		{5AAE3ABD-EA58-4D88-BA89-AF388B300518}.Debug|Any CPU.ActiveCfg = Debug|Any CPU
		{5AAE3ABD-EA58-4D88-BA89-AF388B300518}.Debug|Any CPU.Build.0 = Debug|Any CPU
		{5AAE3ABD-EA58-4D88-BA89-AF388B300518}.Release|Any CPU.ActiveCfg = Release|Any CPU
		{5AAE3ABD-EA58-4D88-BA89-AF388B300518}.Release|Any CPU.Build.0 = Release|Any CPU
	EndGlobalSection
	GlobalSection(SolutionProperties) = preSolution
		HideSolutionNode = FALSE
	EndGlobalSection
	GlobalSection(ExtensibilityGlobals) = postSolution
		SolutionGuid = {88215E8C-7A87-4D68-8EC4-AAD00CCC8156}
	EndGlobalSection
EndGlobal
