
Microsoft Visual Studio Solution File, Format Version 12.00
# Visual Studio Version 17
VisualStudioVersion = 17.0.32002.185
MinimumVisualStudioVersion = 10.0.40219.1
Project("{FAE04EC0-301F-11D3-BF4B-00C04F79EFBC}") = "Sample103", "Sample103\Sample103.csproj", "{90256EFE-337A-400C-AE12-9F9A9899CD8A}"
EndProject
Global
	GlobalSection(SolutionConfigurationPlatforms) = preSolution
		Debug|Any CPU = Debug|Any CPU
		Release|Any CPU = Release|Any CPU
	EndGlobalSection
	GlobalSection(ProjectConfigurationPlatforms) = postSolution
		{90256EFE-337A-400C-AE12-9F9A9899CD8A}.Debug|Any CPU.ActiveCfg = Debug|Any CPU
		{90256EFE-337A-400C-AE12-9F9A9899CD8A}.Debug|Any CPU.Build.0 = Debug|Any CPU
		{90256EFE-337A-400C-AE12-9F9A9899CD8A}.Release|Any CPU.ActiveCfg = Release|Any CPU
		{90256EFE-337A-400C-AE12-9F9A9899CD8A}.Release|Any CPU.Build.0 = Release|Any CPU
	EndGlobalSection
	GlobalSection(SolutionProperties) = preSolution
		HideSolutionNode = FALSE
	EndGlobalSection
	GlobalSection(ExtensibilityGlobals) = postSolution
		SolutionGuid = {8550496B-19A3-4423-9907-7A2D7BCAB3CF}
	EndGlobalSection
EndGlobal
