
Microsoft Visual Studio Solution File, Format Version 12.00
# Visual Studio Version 17
VisualStudioVersion = 17.0.32002.185
MinimumVisualStudioVersion = 10.0.40219.1
Project("{FAE04EC0-301F-11D3-BF4B-00C04F79EFBC}") = "Sample602", "Sample602\Sample602.csproj", "{95A59BC2-9B76-44F9-AF4D-B7A171586947}"
EndProject
Global
	GlobalSection(SolutionConfigurationPlatforms) = preSolution
		Debug|Any CPU = Debug|Any CPU
		Release|Any CPU = Release|Any CPU
	EndGlobalSection
	GlobalSection(ProjectConfigurationPlatforms) = postSolution
		{95A59BC2-9B76-44F9-AF4D-B7A171586947}.Debug|Any CPU.ActiveCfg = Debug|Any CPU
		{95A59BC2-9B76-44F9-AF4D-B7A171586947}.Debug|Any CPU.Build.0 = Debug|Any CPU
		{95A59BC2-9B76-44F9-AF4D-B7A171586947}.Release|Any CPU.ActiveCfg = Release|Any CPU
		{95A59BC2-9B76-44F9-AF4D-B7A171586947}.Release|Any CPU.Build.0 = Release|Any CPU
	EndGlobalSection
	GlobalSection(SolutionProperties) = preSolution
		HideSolutionNode = FALSE
	EndGlobalSection
	GlobalSection(ExtensibilityGlobals) = postSolution
		SolutionGuid = {14EB3622-FCA6-44B6-B7B1-C20FD867E220}
	EndGlobalSection
EndGlobal
